
Microsoft Visual Studio Solution File, Format Version 12.00
# Visual Studio 15
VisualStudioVersion = 15.0.27428.2043
MinimumVisualStudioVersion = 10.0.40219.1
Project("{9A19103F-16F7-4668-BE54-9A1E7A4F7556}") = "dotnet-storedprocsgen", "dotnet-storedprocsgen\dotnet-storedprocsgen.csproj", "{4BF48B60-3F0C-434B-9538-5A4F380CFF41}"
EndProject
Project("{00D1A9C2-B5F0-4AF3-8072-F6C62B433612}") = "IntegrationTestsDatabase", "IntegrationTestsDatabase\IntegrationTestsDatabase.sqlproj", "{11CD7556-D2FF-4099-8310-BF1691679695}"
EndProject
Global
	GlobalSection(SolutionConfigurationPlatforms) = preSolution
		Debug|Any CPU = Debug|Any CPU
		Release|Any CPU = Release|Any CPU
	EndGlobalSection
	GlobalSection(ProjectConfigurationPlatforms) = postSolution
		{4BF48B60-3F0C-434B-9538-5A4F380CFF41}.Debug|Any CPU.ActiveCfg = Debug|Any CPU
		{4BF48B60-3F0C-434B-9538-5A4F380CFF41}.Debug|Any CPU.Build.0 = Debug|Any CPU
		{4BF48B60-3F0C-434B-9538-5A4F380CFF41}.Release|Any CPU.ActiveCfg = Release|Any CPU
		{4BF48B60-3F0C-434B-9538-5A4F380CFF41}.Release|Any CPU.Build.0 = Release|Any CPU
		{11CD7556-D2FF-4099-8310-BF1691679695}.Debug|Any CPU.ActiveCfg = Debug|Any CPU
		{11CD7556-D2FF-4099-8310-BF1691679695}.Debug|Any CPU.Build.0 = Debug|Any CPU
		{11CD7556-D2FF-4099-8310-BF1691679695}.Debug|Any CPU.Deploy.0 = Debug|Any CPU
		{11CD7556-D2FF-4099-8310-BF1691679695}.Release|Any CPU.ActiveCfg = Release|Any CPU
		{11CD7556-D2FF-4099-8310-BF1691679695}.Release|Any CPU.Build.0 = Release|Any CPU
		{11CD7556-D2FF-4099-8310-BF1691679695}.Release|Any CPU.Deploy.0 = Release|Any CPU
	EndGlobalSection
	GlobalSection(SolutionProperties) = preSolution
		HideSolutionNode = FALSE
	EndGlobalSection
	GlobalSection(ExtensibilityGlobals) = postSolution
		SolutionGuid = {320B368D-CFB6-41CA-9976-39AA5C673013}
	EndGlobalSection
EndGlobal
